
Microsoft Visual Studio Solution File, Format Version 12.00
# Visual Studio Version 17
VisualStudioVersion = 17.7.34221.43
MinimumVisualStudioVersion = 10.0.40219.1
Project("{FAE04EC0-301F-11D3-BF4B-00C04F79EFBC}") = "WebApplication4", "WebApplication4\WebApplication4.csproj", "{2D668600-D54F-41C0-8DB9-4B504C8E76E3}"
EndProject
Global
	GlobalSection(SolutionConfigurationPlatforms) = preSolution
		Debug|Any CPU = Debug|Any CPU
		Release|Any CPU = Release|Any CPU
	EndGlobalSection
	GlobalSection(ProjectConfigurationPlatforms) = postSolution
		{2D668600-D54F-41C0-8DB9-4B504C8E76E3}.Debug|Any CPU.ActiveCfg = Debug|Any CPU
		{2D668600-D54F-41C0-8DB9-4B504C8E76E3}.Debug|Any CPU.Build.0 = Debug|Any CPU
		{2D668600-D54F-41C0-8DB9-4B504C8E76E3}.Release|Any CPU.ActiveCfg = Release|Any CPU
		{2D668600-D54F-41C0-8DB9-4B504C8E76E3}.Release|Any CPU.Build.0 = Release|Any CPU
	EndGlobalSection
	GlobalSection(SolutionProperties) = preSolution
		HideSolutionNode = FALSE
	EndGlobalSection
	GlobalSection(ExtensibilityGlobals) = postSolution
		SolutionGuid = {B1959269-2D71-4971-B6D5-B82F1773C163}
	EndGlobalSection
EndGlobal
